// !$*UTF8*$!
{
	archiveVersion = 1;
	classes = {
	};
	objectVersion = 56;
	objects = {

/* Begin PBXContainerItemProxy section */
		13729F032E3391FA00883CC2 /* PBXContainerItemProxy */ = {
			isa = PBXContainerItemProxy;
			containerPortal = 13729E582E3349AF00883CC2 /* Project object */;
			proxyType = 1;
			remoteGlobalIDString = 13729E5F2E3349AF00883CC2;
			remoteInfo = CinemarkApp;
		};
/* End PBXContainerItemProxy section */

/* Begin PBXFileReference section */
		13729E602E3349AF00883CC2 /* CinemarkApp.app */ = {isa = PBXFileReference; explicitFileType = wrapper.application; includeInIndex = 0; path = CinemarkApp.app; sourceTree = BUILT_PRODUCTS_DIR; };
		13729EFF2E3391FA00883CC2 /* CinemarkAppTests.xctest */ = {isa = PBXFileReference; explicitFileType = wrapper.cfbundle; includeInIndex = 0; path = CinemarkAppTests.xctest; sourceTree = BUILT_PRODUCTS_DIR; };
		13729E632E3349AF00883CC2 /* CinemarkApp.swift */ = {isa = PBXFileReference; lastKnownFileType = sourcecode.swift; path = CinemarkApp.swift; sourceTree = "<group>"; };
		13729E642E3349AF00883CC2 /* Assets.xcassets */ = {isa = PBXFileReference; lastKnownFileType = folder.assetcatalog; path = Assets.xcassets; sourceTree = "<group>"; };
		13729E652E3349AF00883CC2 /* Info.plist */ = {isa = PBXFileReference; lastKnownFileType = text.plist.xml; path = Info.plist; sourceTree = "<group>"; };
		13729E662E3349AF00883CC2 /* APIEndpoints.swift */ = {isa = PBXFileReference; lastKnownFileType = sourcecode.swift; path = APIEndpoints.swift; sourceTree = "<group>"; };
		13729E672E3349AF00883CC2 /* Secret.swift */ = {isa = PBXFileReference; lastKnownFileType = sourcecode.swift; path = Secret.swift; sourceTree = "<group>"; };
		13729E682E3349AF00883CC2 /* NetworkService.swift */ = {isa = PBXFileReference; lastKnownFileType = sourcecode.swift; path = NetworkService.swift; sourceTree = "<group>"; };
		13729E6E2E3349AF00883CC2 /* NetworkLogger.swift */ = {isa = PBXFileReference; lastKnownFileType = sourcecode.swift; path = NetworkLogger.swift; sourceTree = "<group>"; };
		13729E6F2E3349AF00883CC2 /* NetworkError.swift */ = {isa = PBXFileReference; lastKnownFileType = sourcecode.swift; path = NetworkError.swift; sourceTree = "<group>"; };
		13729E702E3349AF00883CC2 /* PersonModel.swift */ = {isa = PBXFileReference; lastKnownFileType = sourcecode.swift; path = PersonModel.swift; sourceTree = "<group>"; };
		13729E712E3349AF00883CC2 /* MovieModel.swift */ = {isa = PBXFileReference; lastKnownFileType = sourcecode.swift; path = MovieModel.swift; sourceTree = "<group>"; };
		13729E722E3349AF00883CC2 /* Response.swift */ = {isa = PBXFileReference; lastKnownFileType = sourcecode.swift; path = Response.swift; sourceTree = "<group>"; };
		13729E732E3349AF00883CC2 /* TVModel.swift */ = {isa = PBXFileReference; lastKnownFileType = sourcecode.swift; path = TVModel.swift; sourceTree = "<group>"; };
		13729F012E3391FA00883CC2 /* JSONLoader.swift */ = {isa = PBXFileReference; lastKnownFileType = sourcecode.swift; path = JSONLoader.swift; sourceTree = "<group>"; };
		13729F022E3391FA00883CC2 /* MockNetworkService.swift */ = {isa = PBXFileReference; lastKnownFileType = sourcecode.swift; path = MockNetworkService.swift; sourceTree = "<group>"; };
		13729F082E3391FA00883CC2 /* PersonEndpointTests.swift */ = {isa = PBXFileReference; lastKnownFileType = sourcecode.swift; path = PersonEndpointTests.swift; sourceTree = "<group>"; };
		13729F092E3391FA00883CC2 /* TVEndpointTests.swift */ = {isa = PBXFileReference; lastKnownFileType = sourcecode.swift; path = TVEndpointTests.swift; sourceTree = "<group>"; };
		13729F0A2E3391FA00883CC2 /* MovieEndpointTests.swift */ = {isa = PBXFileReference; lastKnownFileType = sourcecode.swift; path = MovieEndpointTests.swift; sourceTree = "<group>"; };
/* End PBXFileReference section */


/* Begin PBXFrameworksBuildPhase section */
		13729E5D2E3349AF00883CC2 /* Frameworks */ = {
			isa = PBXFrameworksBuildPhase;
			buildActionMask = 2147483647;
			files = (
			);
			runOnlyForDeploymentPostprocessing = 0;
		};
		13729EFC2E3391FA00883CC2 /* Frameworks */ = {
			isa = PBXFrameworksBuildPhase;
			buildActionMask = 2147483647;
			files = (
			);
			runOnlyForDeploymentPostprocessing = 0;
		};
/* End PBXFrameworksBuildPhase section */

/* Begin PBXGroup section */
		13729E572E3349AF00883CC2 = {
			isa = PBXGroup;
			children = (
				13729E622E3349AF00883CC2 /* CinemarkApp */,
				13729F002E3391FA00883CC2 /* CinemarkAppTests */,
				13729E612E3349AF00883CC2 /* Products */,
			);
			sourceTree = "<group>";
		};
		13729E612E3349AF00883CC2 /* Products */ = {
			isa = PBXGroup;
			children = (
				13729E602E3349AF00883CC2 /* CinemarkApp.app */,
				13729EFF2E3391FA00883CC2 /* CinemarkAppTests.xctest */,
			);
			name = Products;
			sourceTree = "<group>";
		};
		13729E622E3349AF00883CC2 /* CinemarkApp */ = {
			isa = PBXGroup;
			children = (
				13729E742E3349AF00883CC2 /* App */,
				13729E752E3349AF00883CC2 /* Core */,
				13729E642E3349AF00883CC2 /* Assets.xcassets */,
				13729E652E3349AF00883CC2 /* Info.plist */,
			);
			path = CinemarkApp;
			sourceTree = "<group>";
		};
		13729E742E3349AF00883CC2 /* App */ = {
			isa = PBXGroup;
			children = (
				13729E632E3349AF00883CC2 /* CinemarkApp.swift */,
			);
			path = App;
			sourceTree = "<group>";
		};
		13729E752E3349AF00883CC2 /* Core */ = {
			isa = PBXGroup;
			children = (
				13729E762E3349AF00883CC2 /* Network */,
				13729E772E3349AF00883CC2 /* Models */,
			);
			path = Core;
			sourceTree = "<group>";
		};
		13729E762E3349AF00883CC2 /* Network */ = {
			isa = PBXGroup;
			children = (
				13729E662E3349AF00883CC2 /* APIEndpoints.swift */,
				13729E672E3349AF00883CC2 /* Secret.swift */,
				13729E682E3349AF00883CC2 /* NetworkService.swift */,
				13729E6E2E3349AF00883CC2 /* NetworkLogger.swift */,
				13729E6F2E3349AF00883CC2 /* NetworkError.swift */,
			);
			path = Network;
			sourceTree = "<group>";
		};
		13729E772E3349AF00883CC2 /* Models */ = {
			isa = PBXGroup;
			children = (
				13729E702E3349AF00883CC2 /* PersonModel.swift */,
				13729E712E3349AF00883CC2 /* MovieModel.swift */,
				13729E722E3349AF00883CC2 /* Response.swift */,
				13729E732E3349AF00883CC2 /* TVModel.swift */,
			);
			path = Models;
			sourceTree = "<group>";
		};
		13729F002E3391FA00883CC2 /* CinemarkAppTests */ = {
			isa = PBXGroup;
			children = (
				13729F0B2E3391FA00883CC2 /* NetworkTests */,
			);
			path = CinemarkAppTests;
			sourceTree = "<group>";
		};
		13729F0B2E3391FA00883CC2 /* NetworkTests */ = {
			isa = PBXGroup;
			children = (
				13729F012E3391FA00883CC2 /* JSONLoader.swift */,
				13729F022E3391FA00883CC2 /* MockNetworkService.swift */,
				13729F082E3391FA00883CC2 /* PersonEndpointTests.swift */,
				13729F092E3391FA00883CC2 /* TVEndpointTests.swift */,
				13729F0A2E3391FA00883CC2 /* MovieEndpointTests.swift */,
			);
			path = NetworkTests;
			sourceTree = "<group>";
		};
/* End PBXGroup section */

/* Begin PBXNativeTarget section */
		13729E5F2E3349AF00883CC2 /* CinemarkApp */ = {
			isa = PBXNativeTarget;
			buildConfigurationList = 13729E6B2E3349B000883CC2 /* Build configuration list for PBXNativeTarget "CinemarkApp" */;
			buildPhases = (
				13729E5C2E3349AF00883CC2 /* Sources */,
				13729E5D2E3349AF00883CC2 /* Frameworks */,
				13729E5E2E3349AF00883CC2 /* Resources */,
				13729E8D2E334AF300883CC2 /* ShellScript */,
			);
			buildRules = (
			);
			dependencies = (
			);
			name = CinemarkApp;
			packageProductDependencies = (
			);
			productName = CinemarkApp;
			productReference = 13729E602E3349AF00883CC2 /* CinemarkApp.app */;
			productType = "com.apple.product-type.application";
		};
		13729EFE2E3391FA00883CC2 /* CinemarkAppTests */ = {
			isa = PBXNativeTarget;
			buildConfigurationList = 13729F052E3391FA00883CC2 /* Build configuration list for PBXNativeTarget "CinemarkAppTests" */;
			buildPhases = (
				13729EFB2E3391FA00883CC2 /* Sources */,
				13729EFC2E3391FA00883CC2 /* Frameworks */,
				13729EFD2E3391FA00883CC2 /* Resources */,
			);
			buildRules = (
			);
			dependencies = (
				13729F042E3391FA00883CC2 /* PBXTargetDependency */,
			);
			name = CinemarkAppTests;
			packageProductDependencies = (
			);
			productName = CinemarkAppTests;
			productReference = 13729EFF2E3391FA00883CC2 /* CinemarkAppTests.xctest */;
			productType = "com.apple.product-type.bundle.unit-test";
		};
/* End PBXNativeTarget section */

/* Begin PBXProject section */
		13729E582E3349AF00883CC2 /* Project object */ = {
			isa = PBXProject;
			attributes = {
				BuildIndependentTargetsInParallel = 1;
				LastSwiftUpdateCheck = 1640;
				LastUpgradeCheck = 1640;
				TargetAttributes = {
					13729E5F2E3349AF00883CC2 = {
						CreatedOnToolsVersion = 16.4;
					};
					13729EFE2E3391FA00883CC2 = {
						CreatedOnToolsVersion = 16.4;
						TestTargetID = 13729E5F2E3349AF00883CC2;
					};
				};
			};
			buildConfigurationList = 13729E5B2E3349AF00883CC2 /* Build configuration list for PBXProject "CinemarkApp" */;
			developmentRegion = en;
			hasScannedForEncodings = 0;
			knownRegions = (
				en,
				Base,
			);
			mainGroup = 13729E572E3349AF00883CC2;
			minimizedProjectReferenceProxies = 1;
			preferredProjectObjectVersion = 56;
			productRefGroup = 13729E612E3349AF00883CC2 /* Products */;
			projectDirPath = "";
			projectRoot = "";
			targets = (
				13729E5F2E3349AF00883CC2 /* CinemarkApp */,
				13729EFE2E3391FA00883CC2 /* CinemarkAppTests */,
			);
		};
/* End PBXProject section */

/* Begin PBXResourcesBuildPhase section */
		13729E5E2E3349AF00883CC2 /* Resources */ = {
			isa = PBXResourcesBuildPhase;
			buildActionMask = 2147483647;
			files = (
				13729E792E3349AF00883CC2 /* Assets.xcassets in Resources */,
			);
			runOnlyForDeploymentPostprocessing = 0;
		};
		13729EFD2E3391FA00883CC2 /* Resources */ = {
			isa = PBXResourcesBuildPhase;
			buildActionMask = 2147483647;
			files = (
			);
			runOnlyForDeploymentPostprocessing = 0;
		};
/* End PBXResourcesBuildPhase section */

/* Begin PBXShellScriptBuildPhase section */
		13729E8D2E334AF300883CC2 /* ShellScript */ = {
			isa = PBXShellScriptBuildPhase;
			alwaysOutOfDate = 1;
			buildActionMask = 2147483647;
			files = (
			);
			inputFileListPaths = (
			);
			inputPaths = (
			);
			outputFileListPaths = (
			);
			outputPaths = (
			);
			runOnlyForDeploymentPostprocessing = 0;
			shellPath = /bin/sh;
			shellScript = "export PATH=\"$PATH:/opt/homebrew/bin:/usr/local/bin\"\n\nif which swiftlint >/dev/null; then\n  swiftlint\nelse\n  echo \"warning: Swiftlint not installed\"\nfi\n";
		};
/* End PBXShellScriptBuildPhase section */

/* Begin PBXBuildFile section */
		13729E782E3349AF00883CC2 /* CinemarkApp.swift in Sources */ = {isa = PBXBuildFile; fileRef = 13729E632E3349AF00883CC2 /* CinemarkApp.swift */; };
		13729E792E3349AF00883CC2 /* Assets.xcassets in Resources */ = {isa = PBXBuildFile; fileRef = 13729E642E3349AF00883CC2 /* Assets.xcassets */; };
		13729E7A2E3349AF00883CC2 /* APIEndpoints.swift in Sources */ = {isa = PBXBuildFile; fileRef = 13729E662E3349AF00883CC2 /* APIEndpoints.swift */; };
		13729E7B2E3349AF00883CC2 /* Secret.swift in Sources */ = {isa = PBXBuildFile; fileRef = 13729E672E3349AF00883CC2 /* Secret.swift */; };
		13729E7C2E3349AF00883CC2 /* NetworkService.swift in Sources */ = {isa = PBXBuildFile; fileRef = 13729E682E3349AF00883CC2 /* NetworkService.swift */; };
		13729E7D2E3349AF00883CC2 /* NetworkLogger.swift in Sources */ = {isa = PBXBuildFile; fileRef = 13729E6E2E3349AF00883CC2 /* NetworkLogger.swift */; };
		13729E7E2E3349AF00883CC2 /* NetworkError.swift in Sources */ = {isa = PBXBuildFile; fileRef = 13729E6F2E3349AF00883CC2 /* NetworkError.swift */; };
		13729E7F2E3349AF00883CC2 /* PersonModel.swift in Sources */ = {isa = PBXBuildFile; fileRef = 13729E702E3349AF00883CC2 /* PersonModel.swift */; };
		13729E802E3349AF00883CC2 /* MovieModel.swift in Sources */ = {isa = PBXBuildFile; fileRef = 13729E712E3349AF00883CC2 /* MovieModel.swift */; };
		13729E812E3349AF00883CC2 /* Response.swift in Sources */ = {isa = PBXBuildFile; fileRef = 13729E722E3349AF00883CC2 /* Response.swift */; };
		13729E822E3349AF00883CC2 /* TVModel.swift in Sources */ = {isa = PBXBuildFile; fileRef = 13729E732E3349AF00883CC2 /* TVModel.swift */; };
		13729F0C2E3391FA00883CC2 /* JSONLoader.swift in Sources */ = {isa = PBXBuildFile; fileRef = 13729F012E3391FA00883CC2 /* JSONLoader.swift */; };
		13729F0D2E3391FA00883CC2 /* MockNetworkService.swift in Sources */ = {isa = PBXBuildFile; fileRef = 13729F022E3391FA00883CC2 /* MockNetworkService.swift */; };
		13729F0E2E3391FA00883CC2 /* PersonEndpointTests.swift in Sources */ = {isa = PBXBuildFile; fileRef = 13729F082E3391FA00883CC2 /* PersonEndpointTests.swift */; };
		13729F0F2E3391FA00883CC2 /* TVEndpointTests.swift in Sources */ = {isa = PBXBuildFile; fileRef = 13729F092E3391FA00883CC2 /* TVEndpointTests.swift */; };
		13729F102E3391FA00883CC2 /* MovieEndpointTests.swift in Sources */ = {isa = PBXBuildFile; fileRef = 13729F0A2E3391FA00883CC2 /* MovieEndpointTests.swift */; };
/* End PBXBuildFile section */

/* Begin PBXSourcesBuildPhase section */
		13729E5C2E3349AF00883CC2 /* Sources */ = {
			isa = PBXSourcesBuildPhase;
			buildActionMask = 2147483647;
			files = (
				13729E782E3349AF00883CC2 /* CinemarkApp.swift in Sources */,
				13729E7A2E3349AF00883CC2 /* APIEndpoints.swift in Sources */,
				13729E7B2E3349AF00883CC2 /* Secret.swift in Sources */,
				13729E7C2E3349AF00883CC2 /* NetworkService.swift in Sources */,
				13729E7D2E3349AF00883CC2 /* NetworkLogger.swift in Sources */,
				13729E7E2E3349AF00883CC2 /* NetworkError.swift in Sources */,
				13729E7F2E3349AF00883CC2 /* PersonModel.swift in Sources */,
				13729E802E3349AF00883CC2 /* MovieModel.swift in Sources */,
				13729E812E3349AF00883CC2 /* Response.swift in Sources */,
				13729E822E3349AF00883CC2 /* TVModel.swift in Sources */,
			);
			runOnlyForDeploymentPostprocessing = 0;
		};
		13729EFB2E3391FA00883CC2 /* Sources */ = {
			isa = PBXSourcesBuildPhase;
			buildActionMask = 2147483647;
			files = (
				13729F0C2E3391FA00883CC2 /* JSONLoader.swift in Sources */,
				13729F0D2E3391FA00883CC2 /* MockNetworkService.swift in Sources */,
				13729F0E2E3391FA00883CC2 /* PersonEndpointTests.swift in Sources */,
				13729F0F2E3391FA00883CC2 /* TVEndpointTests.swift in Sources */,
				13729F102E3391FA00883CC2 /* MovieEndpointTests.swift in Sources */,
			);
			runOnlyForDeploymentPostprocessing = 0;
		};
/* End PBXSourcesBuildPhase section */

/* Begin PBXTargetDependency section */
		13729F042E3391FA00883CC2 /* PBXTargetDependency */ = {
			isa = PBXTargetDependency;
			target = 13729E5F2E3349AF00883CC2 /* CinemarkApp */;
			targetProxy = 13729F032E3391FA00883CC2 /* PBXContainerItemProxy */;
		};
/* End PBXTargetDependency section */

/* Begin XCBuildConfiguration section */
		13729E692E3349B000883CC2 /* Debug */ = {
			isa = XCBuildConfiguration;
			buildSettings = {
				ALWAYS_SEARCH_USER_PATHS = NO;
				ASSETCATALOG_COMPILER_GENERATE_SWIFT_ASSET_SYMBOL_EXTENSIONS = YES;
				CLANG_ANALYZER_NONNULL = YES;
				CLANG_ANALYZER_NUMBER_OBJECT_CONVERSION = YES_AGGRESSIVE;
				CLANG_CXX_LANGUAGE_STANDARD = "gnu++20";
				CLANG_ENABLE_MODULES = YES;
				CLANG_ENABLE_OBJC_ARC = YES;
				CLANG_ENABLE_OBJC_WEAK = YES;
				CLANG_WARN_BLOCK_CAPTURE_AUTORELEASING = YES;
				CLANG_WARN_BOOL_CONVERSION = YES;
				CLANG_WARN_COMMA = YES;
				CLANG_WARN_CONSTANT_CONVERSION = YES;
				CLANG_WARN_DEPRECATED_OBJC_IMPLEMENTATIONS = YES;
				CLANG_WARN_DIRECT_OBJC_ISA_USAGE = YES_ERROR;
				CLANG_WARN_DOCUMENTATION_COMMENTS = YES;
				CLANG_WARN_EMPTY_BODY = YES;
				CLANG_WARN_ENUM_CONVERSION = YES;
				CLANG_WARN_INFINITE_RECURSION = YES;
				CLANG_WARN_INT_CONVERSION = YES;
				CLANG_WARN_NON_LITERAL_NULL_CONVERSION = YES;
				CLANG_WARN_OBJC_IMPLICIT_RETAIN_SELF = YES;
				CLANG_WARN_OBJC_LITERAL_CONVERSION = YES;
				CLANG_WARN_OBJC_ROOT_CLASS = YES_ERROR;
				CLANG_WARN_QUOTED_INCLUDE_IN_FRAMEWORK_HEADER = YES;
				CLANG_WARN_RANGE_LOOP_ANALYSIS = YES;
				CLANG_WARN_STRICT_PROTOTYPES = YES;
				CLANG_WARN_SUSPICIOUS_MOVE = YES;
				CLANG_WARN_UNGUARDED_AVAILABILITY = YES_AGGRESSIVE;
				CLANG_WARN_UNREACHABLE_CODE = YES;
				CLANG_WARN__DUPLICATE_METHOD_MATCH = YES;
				COPY_PHASE_STRIP = NO;
				DEBUG_INFORMATION_FORMAT = dwarf;
				DEVELOPMENT_TEAM = 9WVBG69A9A;
				ENABLE_STRICT_OBJC_MSGSEND = YES;
				ENABLE_TESTABILITY = YES;
				ENABLE_USER_SCRIPT_SANDBOXING = YES;
				GCC_C_LANGUAGE_STANDARD = gnu17;
				GCC_DYNAMIC_NO_PIC = NO;
				GCC_NO_COMMON_BLOCKS = YES;
				GCC_OPTIMIZATION_LEVEL = 0;
				GCC_PREPROCESSOR_DEFINITIONS = (
					"DEBUG=1",
					"$(inherited)",
				);
				GCC_WARN_64_TO_32_BIT_CONVERSION = YES;
				GCC_WARN_ABOUT_RETURN_TYPE = YES_ERROR;
				GCC_WARN_UNDECLARED_SELECTOR = YES;
				GCC_WARN_UNINITIALIZED_AUTOS = YES_AGGRESSIVE;
				GCC_WARN_UNUSED_FUNCTION = YES;
				GCC_WARN_UNUSED_VARIABLE = YES;
				IPHONEOS_DEPLOYMENT_TARGET = 18.5;
				LOCALIZATION_PREFERS_STRING_CATALOGS = YES;
				MTL_ENABLE_DEBUG_INFO = INCLUDE_SOURCE;
				MTL_FAST_MATH = YES;
				ONLY_ACTIVE_ARCH = YES;
				SDKROOT = iphoneos;
				SWIFT_ACTIVE_COMPILATION_CONDITIONS = "DEBUG $(inherited)";
				SWIFT_OPTIMIZATION_LEVEL = "-Onone";
			};
			name = Debug;
		};
		13729E6A2E3349B000883CC2 /* Release */ = {
			isa = XCBuildConfiguration;
			buildSettings = {
				ALWAYS_SEARCH_USER_PATHS = NO;
				ASSETCATALOG_COMPILER_GENERATE_SWIFT_ASSET_SYMBOL_EXTENSIONS = YES;
				CLANG_ANALYZER_NONNULL = YES;
				CLANG_ANALYZER_NUMBER_OBJECT_CONVERSION = YES_AGGRESSIVE;
				CLANG_CXX_LANGUAGE_STANDARD = "gnu++20";
				CLANG_ENABLE_MODULES = YES;
				CLANG_ENABLE_OBJC_ARC = YES;
				CLANG_ENABLE_OBJC_WEAK = YES;
				CLANG_WARN_BLOCK_CAPTURE_AUTORELEASING = YES;
				CLANG_WARN_BOOL_CONVERSION = YES;
				CLANG_WARN_COMMA = YES;
				CLANG_WARN_CONSTANT_CONVERSION = YES;
				CLANG_WARN_DEPRECATED_OBJC_IMPLEMENTATIONS = YES;
				CLANG_WARN_DIRECT_OBJC_ISA_USAGE = YES_ERROR;
				CLANG_WARN_DOCUMENTATION_COMMENTS = YES;
				CLANG_WARN_EMPTY_BODY = YES;
				CLANG_WARN_ENUM_CONVERSION = YES;
				CLANG_WARN_INFINITE_RECURSION = YES;
				CLANG_WARN_INT_CONVERSION = YES;
				CLANG_WARN_NON_LITERAL_NULL_CONVERSION = YES;
				CLANG_WARN_OBJC_IMPLICIT_RETAIN_SELF = YES;
				CLANG_WARN_OBJC_LITERAL_CONVERSION = YES;
				CLANG_WARN_OBJC_ROOT_CLASS = YES_ERROR;
				CLANG_WARN_QUOTED_INCLUDE_IN_FRAMEWORK_HEADER = YES;
				CLANG_WARN_RANGE_LOOP_ANALYSIS = YES;
				CLANG_WARN_STRICT_PROTOTYPES = YES;
				CLANG_WARN_SUSPICIOUS_MOVE = YES;
				CLANG_WARN_UNGUARDED_AVAILABILITY = YES_AGGRESSIVE;
				CLANG_WARN_UNREACHABLE_CODE = YES;
				CLANG_WARN__DUPLICATE_METHOD_MATCH = YES;
				COPY_PHASE_STRIP = NO;
				DEBUG_INFORMATION_FORMAT = "dwarf-with-dsym";
				DEVELOPMENT_TEAM = 9WVBG69A9A;
				ENABLE_NS_ASSERTIONS = NO;
				ENABLE_STRICT_OBJC_MSGSEND = YES;
				ENABLE_USER_SCRIPT_SANDBOXING = YES;
				GCC_C_LANGUAGE_STANDARD = gnu17;
				GCC_NO_COMMON_BLOCKS = YES;
				GCC_WARN_64_TO_32_BIT_CONVERSION = YES;
				GCC_WARN_ABOUT_RETURN_TYPE = YES_ERROR;
				GCC_WARN_UNDECLARED_SELECTOR = YES;
				GCC_WARN_UNINITIALIZED_AUTOS = YES_AGGRESSIVE;
				GCC_WARN_UNUSED_FUNCTION = YES;
				GCC_WARN_UNUSED_VARIABLE = YES;
				IPHONEOS_DEPLOYMENT_TARGET = 18.5;
				LOCALIZATION_PREFERS_STRING_CATALOGS = YES;
				MTL_ENABLE_DEBUG_INFO = NO;
				MTL_FAST_MATH = YES;
				SDKROOT = iphoneos;
				SWIFT_COMPILATION_MODE = wholemodule;
				VALIDATE_PRODUCT = YES;
			};
			name = Release;
		};
		13729E6C2E3349B000883CC2 /* Debug */ = {
			isa = XCBuildConfiguration;
			buildSettings = {
				API_KEY = "$(API_KEY)";
				ASSETCATALOG_COMPILER_APPICON_NAME = AppIcon;
				ASSETCATALOG_COMPILER_GLOBAL_ACCENT_COLOR_NAME = AccentColor;
				CODE_SIGN_STYLE = Automatic;
				CURRENT_PROJECT_VERSION = 1;
				DEVELOPMENT_TEAM = 9WVBG69A9A;
				ENABLE_PREVIEWS = YES;
				ENABLE_USER_SCRIPT_SANDBOXING = NO;
				GENERATE_INFOPLIST_FILE = YES;
				INFOPLIST_FILE = CinemarkApp/Info.plist;
				INFOPLIST_KEY_CFBundleDisplayName = Cinemark;
				INFOPLIST_KEY_LSApplicationCategoryType = "public.app-category.entertainment";
				INFOPLIST_KEY_UIApplicationSceneManifest_Generation = YES;
				INFOPLIST_KEY_UIApplicationSupportsIndirectInputEvents = YES;
				INFOPLIST_KEY_UILaunchScreen_Generation = YES;
				INFOPLIST_KEY_UISupportedInterfaceOrientations = UIInterfaceOrientationPortrait;
				INFOPLIST_KEY_UISupportedInterfaceOrientations_iPad = "UIInterfaceOrientationLandscapeLeft UIInterfaceOrientationLandscapeRight UIInterfaceOrientationPortrait UIInterfaceOrientationPortraitUpsideDown";
				IPHONEOS_DEPLOYMENT_TARGET = 17.6;
				LD_RUNPATH_SEARCH_PATHS = (
					"$(inherited)",
					"@executable_path/Frameworks",
				);
				MARKETING_VERSION = 1.0;
				PRODUCT_BUNDLE_IDENTIFIER = yuldshev.CinemarkApp;
				PRODUCT_NAME = "$(TARGET_NAME)";
				SUPPORTED_PLATFORMS = "iphoneos iphonesimulator";
				SUPPORTS_MACCATALYST = NO;
				SUPPORTS_MAC_DESIGNED_FOR_IPHONE_IPAD = NO;
				SUPPORTS_XR_DESIGNED_FOR_IPHONE_IPAD = NO;
				SWIFT_EMIT_LOC_STRINGS = YES;
				SWIFT_VERSION = 5.0;
				TARGETED_DEVICE_FAMILY = 1;
			};
			name = Debug;
		};
		13729E6D2E3349B000883CC2 /* Release */ = {
			isa = XCBuildConfiguration;
			buildSettings = {
				API_KEY = "";
				ASSETCATALOG_COMPILER_APPICON_NAME = AppIcon;
				ASSETCATALOG_COMPILER_GLOBAL_ACCENT_COLOR_NAME = AccentColor;
				CODE_SIGN_STYLE = Automatic;
				CURRENT_PROJECT_VERSION = 1;
				DEVELOPMENT_TEAM = 9WVBG69A9A;
				ENABLE_PREVIEWS = YES;
				ENABLE_USER_SCRIPT_SANDBOXING = NO;
				GENERATE_INFOPLIST_FILE = YES;
				INFOPLIST_FILE = CinemarkApp/Info.plist;
				INFOPLIST_KEY_CFBundleDisplayName = Cinemark;
				INFOPLIST_KEY_LSApplicationCategoryType = "public.app-category.entertainment";
				INFOPLIST_KEY_UIApplicationSceneManifest_Generation = YES;
				INFOPLIST_KEY_UIApplicationSupportsIndirectInputEvents = YES;
				INFOPLIST_KEY_UILaunchScreen_Generation = YES;
				INFOPLIST_KEY_UISupportedInterfaceOrientations = UIInterfaceOrientationPortrait;
				INFOPLIST_KEY_UISupportedInterfaceOrientations_iPad = "UIInterfaceOrientationLandscapeLeft UIInterfaceOrientationLandscapeRight UIInterfaceOrientationPortrait UIInterfaceOrientationPortraitUpsideDown";
				IPHONEOS_DEPLOYMENT_TARGET = 17.6;
				LD_RUNPATH_SEARCH_PATHS = (
					"$(inherited)",
					"@executable_path/Frameworks",
				);
				MARKETING_VERSION = 1.0;
				PRODUCT_BUNDLE_IDENTIFIER = yuldshev.CinemarkApp;
				PRODUCT_NAME = "$(TARGET_NAME)";
				SUPPORTED_PLATFORMS = "iphoneos iphonesimulator";
				SUPPORTS_MACCATALYST = NO;
				SUPPORTS_MAC_DESIGNED_FOR_IPHONE_IPAD = NO;
				SUPPORTS_XR_DESIGNED_FOR_IPHONE_IPAD = NO;
				SWIFT_EMIT_LOC_STRINGS = YES;
				SWIFT_VERSION = 5.0;
				TARGETED_DEVICE_FAMILY = 1;
			};
			name = Release;
		};
		13729F062E3391FA00883CC2 /* Debug */ = {
			isa = XCBuildConfiguration;
			buildSettings = {
				BUNDLE_LOADER = "$(TEST_HOST)";
				CODE_SIGN_STYLE = Automatic;
				CURRENT_PROJECT_VERSION = 1;
				DEVELOPMENT_TEAM = 9WVBG69A9A;
				GENERATE_INFOPLIST_FILE = YES;
				MARKETING_VERSION = 1.0;
				PRODUCT_BUNDLE_IDENTIFIER = yuldshev.CinemarkAppTests;
				PRODUCT_NAME = "$(TARGET_NAME)";
				SWIFT_EMIT_LOC_STRINGS = NO;
				SWIFT_VERSION = 5.0;
				TARGETED_DEVICE_FAMILY = "1,2";
				TEST_HOST = "$(BUILT_PRODUCTS_DIR)/CinemarkApp.app/$(BUNDLE_EXECUTABLE_FOLDER_PATH)/CinemarkApp";
			};
			name = Debug;
		};
		13729F072E3391FA00883CC2 /* Release */ = {
			isa = XCBuildConfiguration;
			buildSettings = {
				BUNDLE_LOADER = "$(TEST_HOST)";
				CODE_SIGN_STYLE = Automatic;
				CURRENT_PROJECT_VERSION = 1;
				DEVELOPMENT_TEAM = 9WVBG69A9A;
				GENERATE_INFOPLIST_FILE = YES;
				MARKETING_VERSION = 1.0;
				PRODUCT_BUNDLE_IDENTIFIER = yuldshev.CinemarkAppTests;
				PRODUCT_NAME = "$(TARGET_NAME)";
				SWIFT_EMIT_LOC_STRINGS = NO;
				SWIFT_VERSION = 5.0;
				TARGETED_DEVICE_FAMILY = "1,2";
				TEST_HOST = "$(BUILT_PRODUCTS_DIR)/CinemarkApp.app/$(BUNDLE_EXECUTABLE_FOLDER_PATH)/CinemarkApp";
			};
			name = Release;
		};
/* End XCBuildConfiguration section */

/* Begin XCConfigurationList section */
		13729E5B2E3349AF00883CC2 /* Build configuration list for PBXProject "CinemarkApp" */ = {
			isa = XCConfigurationList;
			buildConfigurations = (
				13729E692E3349B000883CC2 /* Debug */,
				13729E6A2E3349B000883CC2 /* Release */,
			);
			defaultConfigurationIsVisible = 0;
			defaultConfigurationName = Release;
		};
		13729E6B2E3349B000883CC2 /* Build configuration list for PBXNativeTarget "CinemarkApp" */ = {
			isa = XCConfigurationList;
			buildConfigurations = (
				13729E6C2E3349B000883CC2 /* Debug */,
				13729E6D2E3349B000883CC2 /* Release */,
			);
			defaultConfigurationIsVisible = 0;
			defaultConfigurationName = Release;
		};
		13729F052E3391FA00883CC2 /* Build configuration list for PBXNativeTarget "CinemarkAppTests" */ = {
			isa = XCConfigurationList;
			buildConfigurations = (
				13729F062E3391FA00883CC2 /* Debug */,
				13729F072E3391FA00883CC2 /* Release */,
			);
			defaultConfigurationIsVisible = 0;
			defaultConfigurationName = Release;
		};
/* End XCConfigurationList section */
	};
	rootObject = 13729E582E3349AF00883CC2 /* Project object */;
}
